{
  "requires": true,
  "lockfileVersion": 1,
  "dependencies": {
    "ngx-gallery-9": {
      "version": "1.0.6",
      "resolved": "https://artifactory.hm.tio.elsevier.systems/artifactory/api/npm/npm/ngx-gallery-9/-/ngx-gallery-9-1.0.6.tgz",
      "integrity": "sha1-d3E8ThwsM/KWXzadN0LWYW9kwrM="
    }
  }
}
